
Microsoft Visual Studio Solution File, Format Version 12.00
# Visual Studio 15
VisualStudioVersion = 15.0.26403.7
MinimumVisualStudioVersion = 10.0.40219.1
Project("{F2A71F9B-5D33-465A-A702-920D77279786}") = "Utilities", "Utilities\Utilities.fsproj", "{AB97A558-3288-453E-A672-E67C0B46437A}"
EndProject
Project("{F2A71F9B-5D33-465A-A702-920D77279786}") = "CalendarSystem.Persistence.Membership", "CalendarSystem.Persistence.Membership\CalendarSystem.Persistence.Membership.fsproj", "{9D6C8CC5-C64F-48F6-9D88-797EF1939F58}"
EndProject
Project("{2150E333-8FDC-42A3-9474-1A3956D46DE8}") = "Docs", "Docs", "{D480C286-293C-4BBB-8873-5A4A5E18A498}"
	ProjectSection(SolutionItems) = preProject
		Architecture.md = Architecture.md
	EndProjectSection
EndProject
Project("{F2A71F9B-5D33-465A-A702-920D77279786}") = "CalendarSystem.Model.Membership", "CalendarSystem.Model.Membership\CalendarSystem.Model.Membership.fsproj", "{50D1F452-BAE6-4C64-8580-7135CEF8BCED}"
EndProject
Project("{F2A71F9B-5D33-465A-A702-920D77279786}") = "CalendarSystem.Model", "CalendarSystem.Model\CalendarSystem.Model.fsproj", "{005F4FFC-FB1F-4049-8AC1-6CF18BD3C4F1}"
EndProject
Project("{F2A71F9B-5D33-465A-A702-920D77279786}") = "CalendarSystem.Model.Calendar", "CalendarSystem.Model.Calendar\CalendarSystem.Model.Calendar.fsproj", "{B112DCA0-D124-481D-A7F3-8A79640B6317}"
EndProject
Project("{F2A71F9B-5D33-465A-A702-920D77279786}") = "CalendarSystem.Persistence.Calendar", "CalendarSystem.Persistence.Calendar\CalendarSystem.Persistence.Calendar.fsproj", "{EC4D694B-74E4-45A3-A05D-7C8E66578E1B}"
EndProject
Project("{F2A71F9B-5D33-465A-A702-920D77279786}") = "CalendarSystem.Domain.Membership", "CalendarSystem.Domain.Membership\CalendarSystem.Domain.Membership.fsproj", "{77FB243F-6326-4529-A653-A970EFB4380B}"
EndProject
Project("{F2A71F9B-5D33-465A-A702-920D77279786}") = "CalendarSystem.Domain.Calendar", "CalendarSystem.Domain.Calendar\CalendarSystem.Domain.Calendar.fsproj", "{373270F7-272B-49B6-AF16-1FD9DCB291CE}"
EndProject
Project("{F2A71F9B-5D33-465A-A702-920D77279786}") = "CalendarSystem.Domain.Calendar.Impl.Server", "CalendarSystem.Domain.Calendar.Impl.Server\CalendarSystem.Domain.Calendar.Impl.Server.fsproj", "{8973E971-8801-4BDA-AF4C-69E5DDB1B42F}"
EndProject
Project("{F2A71F9B-5D33-465A-A702-920D77279786}") = "CalendarSystem.Domain.Membership.Impl.Server", "CalendarSystem.Domain.Membership.Impl.Server\CalendarSystem.Domain.Membership.Impl.Server.fsproj", "{9F8CD9BD-9F12-409B-B140-2D5CFCD02694}"
EndProject
Project("{F2A71F9B-5D33-465A-A702-920D77279786}") = "CalendarSystem.Persistence.Impl.Memory", "CalendarSystem.Persistence.Impl.Memory\CalendarSystem.Persistence.Impl.Memory.fsproj", "{B5B87DB7-759A-4FBE-B4CD-4BEDB27F75EA}"
EndProject
Project("{2150E333-8FDC-42A3-9474-1A3956D46DE8}") = "Domain", "Domain", "{D689C633-386D-42CA-9723-D04B91B24427}"
EndProject
Project("{2150E333-8FDC-42A3-9474-1A3956D46DE8}") = "Model", "Model", "{B533DCB7-2792-4474-8C88-FD7E619967AF}"
EndProject
Project("{2150E333-8FDC-42A3-9474-1A3956D46DE8}") = "Persistence", "Persistence", "{CB57882E-9D77-4AD8-8C85-C3B9ADB3E05B}"
EndProject
Project("{2150E333-8FDC-42A3-9474-1A3956D46DE8}") = "Test", "Test", "{A19C7737-FCBB-47EA-AFBD-2426D654914E}"
EndProject
Project("{F2A71F9B-5D33-465A-A702-920D77279786}") = "CalendarSystem.Domain.Test.Standup", "CalendarSystem.Domain.Test.Standup\CalendarSystem.Domain.Test.Standup.fsproj", "{3DCC0AEB-F70C-4B6C-94CF-FF6C9D1AC973}"
EndProject
Project("{F2A71F9B-5D33-465A-A702-920D77279786}") = "CalendarSystem.Domain.Test", "CalendarSystem.Domain.Test\CalendarSystem.Domain.Test.fsproj", "{B94FFB5E-0B26-4058-8CDD-B6C8D3E887DB}"
EndProject
Global
	GlobalSection(Performance) = preSolution
		HasPerformanceSessions = true
	EndGlobalSection
	GlobalSection(SolutionConfigurationPlatforms) = preSolution
		Debug|Any CPU = Debug|Any CPU
		Release|Any CPU = Release|Any CPU
	EndGlobalSection
	GlobalSection(ProjectConfigurationPlatforms) = postSolution
		{AB97A558-3288-453E-A672-E67C0B46437A}.Debug|Any CPU.ActiveCfg = Debug|Any CPU
		{AB97A558-3288-453E-A672-E67C0B46437A}.Debug|Any CPU.Build.0 = Debug|Any CPU
		{AB97A558-3288-453E-A672-E67C0B46437A}.Release|Any CPU.ActiveCfg = Release|Any CPU
		{AB97A558-3288-453E-A672-E67C0B46437A}.Release|Any CPU.Build.0 = Release|Any CPU
		{9D6C8CC5-C64F-48F6-9D88-797EF1939F58}.Debug|Any CPU.ActiveCfg = Debug|Any CPU
		{9D6C8CC5-C64F-48F6-9D88-797EF1939F58}.Debug|Any CPU.Build.0 = Debug|Any CPU
		{9D6C8CC5-C64F-48F6-9D88-797EF1939F58}.Release|Any CPU.ActiveCfg = Release|Any CPU
		{9D6C8CC5-C64F-48F6-9D88-797EF1939F58}.Release|Any CPU.Build.0 = Release|Any CPU
		{50D1F452-BAE6-4C64-8580-7135CEF8BCED}.Debug|Any CPU.ActiveCfg = Debug|Any CPU
		{50D1F452-BAE6-4C64-8580-7135CEF8BCED}.Debug|Any CPU.Build.0 = Debug|Any CPU
		{50D1F452-BAE6-4C64-8580-7135CEF8BCED}.Release|Any CPU.ActiveCfg = Release|Any CPU
		{50D1F452-BAE6-4C64-8580-7135CEF8BCED}.Release|Any CPU.Build.0 = Release|Any CPU
		{005F4FFC-FB1F-4049-8AC1-6CF18BD3C4F1}.Debug|Any CPU.ActiveCfg = Debug|Any CPU
		{005F4FFC-FB1F-4049-8AC1-6CF18BD3C4F1}.Debug|Any CPU.Build.0 = Debug|Any CPU
		{005F4FFC-FB1F-4049-8AC1-6CF18BD3C4F1}.Release|Any CPU.ActiveCfg = Release|Any CPU
		{005F4FFC-FB1F-4049-8AC1-6CF18BD3C4F1}.Release|Any CPU.Build.0 = Release|Any CPU
		{B112DCA0-D124-481D-A7F3-8A79640B6317}.Debug|Any CPU.ActiveCfg = Debug|Any CPU
		{B112DCA0-D124-481D-A7F3-8A79640B6317}.Debug|Any CPU.Build.0 = Debug|Any CPU
		{B112DCA0-D124-481D-A7F3-8A79640B6317}.Release|Any CPU.ActiveCfg = Release|Any CPU
		{B112DCA0-D124-481D-A7F3-8A79640B6317}.Release|Any CPU.Build.0 = Release|Any CPU
		{EC4D694B-74E4-45A3-A05D-7C8E66578E1B}.Debug|Any CPU.ActiveCfg = Debug|Any CPU
		{EC4D694B-74E4-45A3-A05D-7C8E66578E1B}.Debug|Any CPU.Build.0 = Debug|Any CPU
		{EC4D694B-74E4-45A3-A05D-7C8E66578E1B}.Release|Any CPU.ActiveCfg = Release|Any CPU
		{EC4D694B-74E4-45A3-A05D-7C8E66578E1B}.Release|Any CPU.Build.0 = Release|Any CPU
		{77FB243F-6326-4529-A653-A970EFB4380B}.Debug|Any CPU.ActiveCfg = Debug|Any CPU
		{77FB243F-6326-4529-A653-A970EFB4380B}.Debug|Any CPU.Build.0 = Debug|Any CPU
		{77FB243F-6326-4529-A653-A970EFB4380B}.Release|Any CPU.ActiveCfg = Release|Any CPU
		{77FB243F-6326-4529-A653-A970EFB4380B}.Release|Any CPU.Build.0 = Release|Any CPU
		{373270F7-272B-49B6-AF16-1FD9DCB291CE}.Debug|Any CPU.ActiveCfg = Debug|Any CPU
		{373270F7-272B-49B6-AF16-1FD9DCB291CE}.Debug|Any CPU.Build.0 = Debug|Any CPU
		{373270F7-272B-49B6-AF16-1FD9DCB291CE}.Release|Any CPU.ActiveCfg = Release|Any CPU
		{373270F7-272B-49B6-AF16-1FD9DCB291CE}.Release|Any CPU.Build.0 = Release|Any CPU
		{8973E971-8801-4BDA-AF4C-69E5DDB1B42F}.Debug|Any CPU.ActiveCfg = Debug|Any CPU
		{8973E971-8801-4BDA-AF4C-69E5DDB1B42F}.Debug|Any CPU.Build.0 = Debug|Any CPU
		{8973E971-8801-4BDA-AF4C-69E5DDB1B42F}.Release|Any CPU.ActiveCfg = Release|Any CPU
		{8973E971-8801-4BDA-AF4C-69E5DDB1B42F}.Release|Any CPU.Build.0 = Release|Any CPU
		{9F8CD9BD-9F12-409B-B140-2D5CFCD02694}.Debug|Any CPU.ActiveCfg = Debug|Any CPU
		{9F8CD9BD-9F12-409B-B140-2D5CFCD02694}.Debug|Any CPU.Build.0 = Debug|Any CPU
		{9F8CD9BD-9F12-409B-B140-2D5CFCD02694}.Release|Any CPU.ActiveCfg = Release|Any CPU
		{9F8CD9BD-9F12-409B-B140-2D5CFCD02694}.Release|Any CPU.Build.0 = Release|Any CPU
		{B5B87DB7-759A-4FBE-B4CD-4BEDB27F75EA}.Debug|Any CPU.ActiveCfg = Debug|Any CPU
		{B5B87DB7-759A-4FBE-B4CD-4BEDB27F75EA}.Debug|Any CPU.Build.0 = Debug|Any CPU
		{B5B87DB7-759A-4FBE-B4CD-4BEDB27F75EA}.Release|Any CPU.ActiveCfg = Release|Any CPU
		{B5B87DB7-759A-4FBE-B4CD-4BEDB27F75EA}.Release|Any CPU.Build.0 = Release|Any CPU
		{3DCC0AEB-F70C-4B6C-94CF-FF6C9D1AC973}.Debug|Any CPU.ActiveCfg = Debug|Any CPU
		{3DCC0AEB-F70C-4B6C-94CF-FF6C9D1AC973}.Debug|Any CPU.Build.0 = Debug|Any CPU
		{3DCC0AEB-F70C-4B6C-94CF-FF6C9D1AC973}.Release|Any CPU.ActiveCfg = Release|Any CPU
		{3DCC0AEB-F70C-4B6C-94CF-FF6C9D1AC973}.Release|Any CPU.Build.0 = Release|Any CPU
		{B94FFB5E-0B26-4058-8CDD-B6C8D3E887DB}.Debug|Any CPU.ActiveCfg = Debug|Any CPU
		{B94FFB5E-0B26-4058-8CDD-B6C8D3E887DB}.Debug|Any CPU.Build.0 = Debug|Any CPU
		{B94FFB5E-0B26-4058-8CDD-B6C8D3E887DB}.Release|Any CPU.ActiveCfg = Release|Any CPU
		{B94FFB5E-0B26-4058-8CDD-B6C8D3E887DB}.Release|Any CPU.Build.0 = Release|Any CPU
	EndGlobalSection
	GlobalSection(SolutionProperties) = preSolution
		HideSolutionNode = FALSE
	EndGlobalSection
	GlobalSection(NestedProjects) = preSolution
		{9D6C8CC5-C64F-48F6-9D88-797EF1939F58} = {CB57882E-9D77-4AD8-8C85-C3B9ADB3E05B}
		{50D1F452-BAE6-4C64-8580-7135CEF8BCED} = {B533DCB7-2792-4474-8C88-FD7E619967AF}
		{005F4FFC-FB1F-4049-8AC1-6CF18BD3C4F1} = {B533DCB7-2792-4474-8C88-FD7E619967AF}
		{B112DCA0-D124-481D-A7F3-8A79640B6317} = {B533DCB7-2792-4474-8C88-FD7E619967AF}
		{EC4D694B-74E4-45A3-A05D-7C8E66578E1B} = {CB57882E-9D77-4AD8-8C85-C3B9ADB3E05B}
		{77FB243F-6326-4529-A653-A970EFB4380B} = {D689C633-386D-42CA-9723-D04B91B24427}
		{373270F7-272B-49B6-AF16-1FD9DCB291CE} = {D689C633-386D-42CA-9723-D04B91B24427}
		{8973E971-8801-4BDA-AF4C-69E5DDB1B42F} = {D689C633-386D-42CA-9723-D04B91B24427}
		{9F8CD9BD-9F12-409B-B140-2D5CFCD02694} = {D689C633-386D-42CA-9723-D04B91B24427}
		{B5B87DB7-759A-4FBE-B4CD-4BEDB27F75EA} = {CB57882E-9D77-4AD8-8C85-C3B9ADB3E05B}
		{A19C7737-FCBB-47EA-AFBD-2426D654914E} = {D689C633-386D-42CA-9723-D04B91B24427}
		{3DCC0AEB-F70C-4B6C-94CF-FF6C9D1AC973} = {A19C7737-FCBB-47EA-AFBD-2426D654914E}
		{B94FFB5E-0B26-4058-8CDD-B6C8D3E887DB} = {A19C7737-FCBB-47EA-AFBD-2426D654914E}
	EndGlobalSection
EndGlobal
