
Microsoft Visual Studio Solution File, Format Version 12.00
# Visual Studio 15
VisualStudioVersion = 15.0.26403.7
MinimumVisualStudioVersion = 10.0.40219.1
Project("{F2A71F9B-5D33-465A-A702-920D77279786}") = "CalendarSystem.Common", "CalendarSystem.Common\CalendarSystem.Common.fsproj", "{C33A3726-5BE6-4E2F-93E1-6929AC00731E}"
EndProject
Project("{F2A71F9B-5D33-465A-A702-920D77279786}") = "CalendarSystem.Persistence", "CalendarSystem.Persistence\CalendarSystem.Persistence.fsproj", "{342B92BF-BFB0-4AB3-91D9-380C9F0D2884}"
EndProject
Project("{F2A71F9B-5D33-465A-A702-920D77279786}") = "Utilities", "Utilities\Utilities.fsproj", "{AB97A558-3288-453E-A672-E67C0B46437A}"
EndProject
Project("{F2A71F9B-5D33-465A-A702-920D77279786}") = "CalendarSystem.Domain", "CalendarSystem.Domain\CalendarSystem.Domain.fsproj", "{990F5262-88E3-4FBF-9BCD-701FE819C0E4}"
EndProject
Global
	GlobalSection(SolutionConfigurationPlatforms) = preSolution
		Debug|Any CPU = Debug|Any CPU
		Release|Any CPU = Release|Any CPU
	EndGlobalSection
	GlobalSection(ProjectConfigurationPlatforms) = postSolution
		{C33A3726-5BE6-4E2F-93E1-6929AC00731E}.Debug|Any CPU.ActiveCfg = Debug|Any CPU
		{C33A3726-5BE6-4E2F-93E1-6929AC00731E}.Debug|Any CPU.Build.0 = Debug|Any CPU
		{C33A3726-5BE6-4E2F-93E1-6929AC00731E}.Release|Any CPU.ActiveCfg = Release|Any CPU
		{C33A3726-5BE6-4E2F-93E1-6929AC00731E}.Release|Any CPU.Build.0 = Release|Any CPU
		{342B92BF-BFB0-4AB3-91D9-380C9F0D2884}.Debug|Any CPU.ActiveCfg = Debug|Any CPU
		{342B92BF-BFB0-4AB3-91D9-380C9F0D2884}.Debug|Any CPU.Build.0 = Debug|Any CPU
		{342B92BF-BFB0-4AB3-91D9-380C9F0D2884}.Release|Any CPU.ActiveCfg = Release|Any CPU
		{342B92BF-BFB0-4AB3-91D9-380C9F0D2884}.Release|Any CPU.Build.0 = Release|Any CPU
		{AB97A558-3288-453E-A672-E67C0B46437A}.Debug|Any CPU.ActiveCfg = Debug|Any CPU
		{AB97A558-3288-453E-A672-E67C0B46437A}.Debug|Any CPU.Build.0 = Debug|Any CPU
		{AB97A558-3288-453E-A672-E67C0B46437A}.Release|Any CPU.ActiveCfg = Release|Any CPU
		{AB97A558-3288-453E-A672-E67C0B46437A}.Release|Any CPU.Build.0 = Release|Any CPU
		{990F5262-88E3-4FBF-9BCD-701FE819C0E4}.Debug|Any CPU.ActiveCfg = Debug|Any CPU
		{990F5262-88E3-4FBF-9BCD-701FE819C0E4}.Debug|Any CPU.Build.0 = Debug|Any CPU
		{990F5262-88E3-4FBF-9BCD-701FE819C0E4}.Release|Any CPU.ActiveCfg = Release|Any CPU
		{990F5262-88E3-4FBF-9BCD-701FE819C0E4}.Release|Any CPU.Build.0 = Release|Any CPU
	EndGlobalSection
	GlobalSection(SolutionProperties) = preSolution
		HideSolutionNode = FALSE
	EndGlobalSection
EndGlobal
